github.com/google/go-cmp v0.3.1 h1:Xye71clBPdm5HgqGwUkwhbynsUJZhDbS20FvLhQ2izg=
github.com/google/go-cmp v0.3.1/go.mod h1:8QqcDgzrUqlUb/G2PQTWiueGozuR1884gddMywk6iLU=
github.com/makeworld-the-better-one/go-gemini v0.9.0 h1:Iz4ywRDrfsyoR8xZOkSKGXXftMR2spIV6ibVuhrKvSw=
github.com/makeworld-the-better-one/go-gemini v0.9.0/go.mod h1:P7/FbZ+IEIbA/d+A0Y3w2GNgD8SA2AcNv7aDGJbaWG4=
